
Microsoft Visual Studio Solution File, Format Version 12.00
# Visual Studio Version 17
VisualStudioVersion = 17.0.31919.166
MinimumVisualStudioVersion = 10.0.40219.1
Project("{9A19103F-16F7-4668-BE54-9A1E7A4F7556}") = "IoTGateway", "IoTGateway\IoTGateway.csproj", "{68ABBDF2-1485-4756-9A94-6AFA874D69A3}"
EndProject
Project("{9A19103F-16F7-4668-BE54-9A1E7A4F7556}") = "IoTGateway.Model", "IoTGateway.Model\IoTGateway.Model.csproj", "{C2978E5D-E71E-4882-8EF1-4014E8565A77}"
EndProject
Project("{9A19103F-16F7-4668-BE54-9A1E7A4F7556}") = "IoTGateway.DataAccess", "IoTGateway.DataAccess\IoTGateway.DataAccess.csproj", "{9E7C8C77-643F-45CF-8EDC-5B032C51D563}"
EndProject
Project("{9A19103F-16F7-4668-BE54-9A1E7A4F7556}") = "IoTGateway.ViewModel", "IoTGateway.ViewModel\IoTGateway.ViewModel.csproj", "{00E91FC1-D5CF-416A-AAAF-61567E368DCD}"
EndProject
Project("{2150E333-8FDC-42A3-9474-1A3956D46DE8}") = "Plugins", "Plugins", "{FBED048F-7AB9-4348-AD56-F9BF4D9E3A55}"
EndProject
Project("{9A19103F-16F7-4668-BE54-9A1E7A4F7556}") = "Plugin", "Plugins\Plugin\Plugin.csproj", "{61D79F77-09EF-4A98-A50B-043B1D72C111}"
EndProject
Project("{9A19103F-16F7-4668-BE54-9A1E7A4F7556}") = "PluginInterface", "Plugins\PluginInterface\PluginInterface.csproj", "{E5F79995-AB61-41F4-820D-BA39967B406B}"
EndProject
Project("{2150E333-8FDC-42A3-9474-1A3956D46DE8}") = "Drivers", "Drivers", "{52D96C24-2F2F-49B5-9F29-00414DEA41D8}"
EndProject
Project("{2150E333-8FDC-42A3-9474-1A3956D46DE8}") = "WalkingTec.Mvvm", "WalkingTec.Mvvm", "{98B1C9F0-028C-48D8-8148-54B69CCA4590}"
EndProject
Project("{9A19103F-16F7-4668-BE54-9A1E7A4F7556}") = "WalkingTec.Mvvm.Core", "WalkingTec.Mvvm\WalkingTec.Mvvm.Core\WalkingTec.Mvvm.Core.csproj", "{C2672620-8E65-486C-B967-C4C673F8DA0F}"
EndProject
Project("{9A19103F-16F7-4668-BE54-9A1E7A4F7556}") = "WalkingTec.Mvvm.Mvc", "WalkingTec.Mvvm\WalkingTec.Mvvm.Mvc\WalkingTec.Mvvm.Mvc.csproj", "{B370F699-965B-4D86-93B1-0F022C95B5C9}"
EndProject
Project("{9A19103F-16F7-4668-BE54-9A1E7A4F7556}") = "WalkingTec.Mvvm.TagHelpers.LayUI", "WalkingTec.Mvvm\WalkingTec.Mvvm.TagHelpers.LayUI\WalkingTec.Mvvm.TagHelpers.LayUI.csproj", "{81CBFD0E-1D89-440A-8CC3-E32672504FF4}"
EndProject
Project("{9A19103F-16F7-4668-BE54-9A1E7A4F7556}") = "DriverModbusMaster", "Plugins\Drivers\DriverModbusMaster\DriverModbusMaster.csproj", "{4FC43620-00B1-48C1-A5A0-02FCC038FB08}"
EndProject
Project("{9A19103F-16F7-4668-BE54-9A1E7A4F7556}") = "DriverSiemensS7", "Plugins\Drivers\DriverSiemensS7\DriverSiemensS7.csproj", "{B884FBE3-C8C5-471E-B629-12ECA0FC5DAC}"
EndProject
Project("{9A19103F-16F7-4668-BE54-9A1E7A4F7556}") = "DriverOPCUaClient", "Plugins\Drivers\DriverOPCUaClient\DriverOPCUaClient.csproj", "{DABB562D-5EB7-4F9D-90EF-424C2BF63A4D}"
EndProject
Project("{9A19103F-16F7-4668-BE54-9A1E7A4F7556}") = "DriverMTConnect", "Plugins\Drivers\DriverMTConnect\DriverMTConnect.csproj", "{0602DC6C-FB26-41B1-972E-298679826E3F}"
EndProject
Project("{9A19103F-16F7-4668-BE54-9A1E7A4F7556}") = "DriverMitsubishi", "Plugins\Drivers\DriverMitsubishi\DriverMitsubishi.csproj", "{6D926CD7-5FF9-489B-9049-7030AE8059C9}"
EndProject
Project("{9A19103F-16F7-4668-BE54-9A1E7A4F7556}") = "DriverOmronFins", "Plugins\Drivers\OmronFins\DriverOmronFins.csproj", "{92E2BB84-C7EC-418E-879A-40B891CAE6E7}"
EndProject
Project("{9A19103F-16F7-4668-BE54-9A1E7A4F7556}") = "DriverAllenBradley", "Plugins\Drivers\DriverAllenBradley\DriverAllenBradley.csproj", "{C8C82C05-DEFD-4E79-9772-B5EA3D2E5D88}"
EndProject
Global
	GlobalSection(SolutionConfigurationPlatforms) = preSolution
		Debug|Any CPU = Debug|Any CPU
		Release|Any CPU = Release|Any CPU
	EndGlobalSection
	GlobalSection(ProjectConfigurationPlatforms) = postSolution
		{68ABBDF2-1485-4756-9A94-6AFA874D69A3}.Debug|Any CPU.ActiveCfg = Debug|Any CPU
		{68ABBDF2-1485-4756-9A94-6AFA874D69A3}.Debug|Any CPU.Build.0 = Debug|Any CPU
		{68ABBDF2-1485-4756-9A94-6AFA874D69A3}.Release|Any CPU.ActiveCfg = Release|Any CPU
		{68ABBDF2-1485-4756-9A94-6AFA874D69A3}.Release|Any CPU.Build.0 = Release|Any CPU
		{C2978E5D-E71E-4882-8EF1-4014E8565A77}.Debug|Any CPU.ActiveCfg = Debug|Any CPU
		{C2978E5D-E71E-4882-8EF1-4014E8565A77}.Debug|Any CPU.Build.0 = Debug|Any CPU
		{C2978E5D-E71E-4882-8EF1-4014E8565A77}.Release|Any CPU.ActiveCfg = Release|Any CPU
		{C2978E5D-E71E-4882-8EF1-4014E8565A77}.Release|Any CPU.Build.0 = Release|Any CPU
		{9E7C8C77-643F-45CF-8EDC-5B032C51D563}.Debug|Any CPU.ActiveCfg = Debug|Any CPU
		{9E7C8C77-643F-45CF-8EDC-5B032C51D563}.Debug|Any CPU.Build.0 = Debug|Any CPU
		{9E7C8C77-643F-45CF-8EDC-5B032C51D563}.Release|Any CPU.ActiveCfg = Release|Any CPU
		{9E7C8C77-643F-45CF-8EDC-5B032C51D563}.Release|Any CPU.Build.0 = Release|Any CPU
		{00E91FC1-D5CF-416A-AAAF-61567E368DCD}.Debug|Any CPU.ActiveCfg = Debug|Any CPU
		{00E91FC1-D5CF-416A-AAAF-61567E368DCD}.Debug|Any CPU.Build.0 = Debug|Any CPU
		{00E91FC1-D5CF-416A-AAAF-61567E368DCD}.Release|Any CPU.ActiveCfg = Release|Any CPU
		{00E91FC1-D5CF-416A-AAAF-61567E368DCD}.Release|Any CPU.Build.0 = Release|Any CPU
		{61D79F77-09EF-4A98-A50B-043B1D72C111}.Debug|Any CPU.ActiveCfg = Debug|Any CPU
		{61D79F77-09EF-4A98-A50B-043B1D72C111}.Debug|Any CPU.Build.0 = Debug|Any CPU
		{61D79F77-09EF-4A98-A50B-043B1D72C111}.Release|Any CPU.ActiveCfg = Release|Any CPU
		{61D79F77-09EF-4A98-A50B-043B1D72C111}.Release|Any CPU.Build.0 = Release|Any CPU
		{E5F79995-AB61-41F4-820D-BA39967B406B}.Debug|Any CPU.ActiveCfg = Debug|Any CPU
		{E5F79995-AB61-41F4-820D-BA39967B406B}.Debug|Any CPU.Build.0 = Debug|Any CPU
		{E5F79995-AB61-41F4-820D-BA39967B406B}.Release|Any CPU.ActiveCfg = Release|Any CPU
		{E5F79995-AB61-41F4-820D-BA39967B406B}.Release|Any CPU.Build.0 = Release|Any CPU
		{C2672620-8E65-486C-B967-C4C673F8DA0F}.Debug|Any CPU.ActiveCfg = Debug|Any CPU
		{C2672620-8E65-486C-B967-C4C673F8DA0F}.Debug|Any CPU.Build.0 = Debug|Any CPU
		{C2672620-8E65-486C-B967-C4C673F8DA0F}.Release|Any CPU.ActiveCfg = Release|Any CPU
		{C2672620-8E65-486C-B967-C4C673F8DA0F}.Release|Any CPU.Build.0 = Release|Any CPU
		{B370F699-965B-4D86-93B1-0F022C95B5C9}.Debug|Any CPU.ActiveCfg = Debug|Any CPU
		{B370F699-965B-4D86-93B1-0F022C95B5C9}.Debug|Any CPU.Build.0 = Debug|Any CPU
		{B370F699-965B-4D86-93B1-0F022C95B5C9}.Release|Any CPU.ActiveCfg = Release|Any CPU
		{B370F699-965B-4D86-93B1-0F022C95B5C9}.Release|Any CPU.Build.0 = Release|Any CPU
		{81CBFD0E-1D89-440A-8CC3-E32672504FF4}.Debug|Any CPU.ActiveCfg = Debug|Any CPU
		{81CBFD0E-1D89-440A-8CC3-E32672504FF4}.Debug|Any CPU.Build.0 = Debug|Any CPU
		{81CBFD0E-1D89-440A-8CC3-E32672504FF4}.Release|Any CPU.ActiveCfg = Release|Any CPU
		{81CBFD0E-1D89-440A-8CC3-E32672504FF4}.Release|Any CPU.Build.0 = Release|Any CPU
		{4FC43620-00B1-48C1-A5A0-02FCC038FB08}.Debug|Any CPU.ActiveCfg = Debug|Any CPU
		{4FC43620-00B1-48C1-A5A0-02FCC038FB08}.Debug|Any CPU.Build.0 = Debug|Any CPU
		{4FC43620-00B1-48C1-A5A0-02FCC038FB08}.Release|Any CPU.ActiveCfg = Release|Any CPU
		{4FC43620-00B1-48C1-A5A0-02FCC038FB08}.Release|Any CPU.Build.0 = Release|Any CPU
		{B884FBE3-C8C5-471E-B629-12ECA0FC5DAC}.Debug|Any CPU.ActiveCfg = Debug|Any CPU
		{B884FBE3-C8C5-471E-B629-12ECA0FC5DAC}.Debug|Any CPU.Build.0 = Debug|Any CPU
		{B884FBE3-C8C5-471E-B629-12ECA0FC5DAC}.Release|Any CPU.ActiveCfg = Release|Any CPU
		{B884FBE3-C8C5-471E-B629-12ECA0FC5DAC}.Release|Any CPU.Build.0 = Release|Any CPU
		{DABB562D-5EB7-4F9D-90EF-424C2BF63A4D}.Debug|Any CPU.ActiveCfg = Debug|Any CPU
		{DABB562D-5EB7-4F9D-90EF-424C2BF63A4D}.Debug|Any CPU.Build.0 = Debug|Any CPU
		{DABB562D-5EB7-4F9D-90EF-424C2BF63A4D}.Release|Any CPU.ActiveCfg = Release|Any CPU
		{DABB562D-5EB7-4F9D-90EF-424C2BF63A4D}.Release|Any CPU.Build.0 = Release|Any CPU
		{0602DC6C-FB26-41B1-972E-298679826E3F}.Debug|Any CPU.ActiveCfg = Debug|Any CPU
		{0602DC6C-FB26-41B1-972E-298679826E3F}.Debug|Any CPU.Build.0 = Debug|Any CPU
		{0602DC6C-FB26-41B1-972E-298679826E3F}.Release|Any CPU.ActiveCfg = Release|Any CPU
		{0602DC6C-FB26-41B1-972E-298679826E3F}.Release|Any CPU.Build.0 = Release|Any CPU
		{6D926CD7-5FF9-489B-9049-7030AE8059C9}.Debug|Any CPU.ActiveCfg = Debug|Any CPU
		{6D926CD7-5FF9-489B-9049-7030AE8059C9}.Debug|Any CPU.Build.0 = Debug|Any CPU
		{6D926CD7-5FF9-489B-9049-7030AE8059C9}.Release|Any CPU.ActiveCfg = Release|Any CPU
		{6D926CD7-5FF9-489B-9049-7030AE8059C9}.Release|Any CPU.Build.0 = Release|Any CPU
		{92E2BB84-C7EC-418E-879A-40B891CAE6E7}.Debug|Any CPU.ActiveCfg = Debug|Any CPU
		{92E2BB84-C7EC-418E-879A-40B891CAE6E7}.Debug|Any CPU.Build.0 = Debug|Any CPU
		{92E2BB84-C7EC-418E-879A-40B891CAE6E7}.Release|Any CPU.ActiveCfg = Release|Any CPU
		{92E2BB84-C7EC-418E-879A-40B891CAE6E7}.Release|Any CPU.Build.0 = Release|Any CPU
		{C8C82C05-DEFD-4E79-9772-B5EA3D2E5D88}.Debug|Any CPU.ActiveCfg = Debug|Any CPU
		{C8C82C05-DEFD-4E79-9772-B5EA3D2E5D88}.Debug|Any CPU.Build.0 = Debug|Any CPU
		{C8C82C05-DEFD-4E79-9772-B5EA3D2E5D88}.Release|Any CPU.ActiveCfg = Release|Any CPU
		{C8C82C05-DEFD-4E79-9772-B5EA3D2E5D88}.Release|Any CPU.Build.0 = Release|Any CPU
	EndGlobalSection
	GlobalSection(SolutionProperties) = preSolution
		HideSolutionNode = FALSE
	EndGlobalSection
	GlobalSection(NestedProjects) = preSolution
		{61D79F77-09EF-4A98-A50B-043B1D72C111} = {FBED048F-7AB9-4348-AD56-F9BF4D9E3A55}
		{E5F79995-AB61-41F4-820D-BA39967B406B} = {FBED048F-7AB9-4348-AD56-F9BF4D9E3A55}
		{52D96C24-2F2F-49B5-9F29-00414DEA41D8} = {FBED048F-7AB9-4348-AD56-F9BF4D9E3A55}
		{C2672620-8E65-486C-B967-C4C673F8DA0F} = {98B1C9F0-028C-48D8-8148-54B69CCA4590}
		{B370F699-965B-4D86-93B1-0F022C95B5C9} = {98B1C9F0-028C-48D8-8148-54B69CCA4590}
		{81CBFD0E-1D89-440A-8CC3-E32672504FF4} = {98B1C9F0-028C-48D8-8148-54B69CCA4590}
		{4FC43620-00B1-48C1-A5A0-02FCC038FB08} = {52D96C24-2F2F-49B5-9F29-00414DEA41D8}
		{B884FBE3-C8C5-471E-B629-12ECA0FC5DAC} = {52D96C24-2F2F-49B5-9F29-00414DEA41D8}
		{DABB562D-5EB7-4F9D-90EF-424C2BF63A4D} = {52D96C24-2F2F-49B5-9F29-00414DEA41D8}
		{0602DC6C-FB26-41B1-972E-298679826E3F} = {52D96C24-2F2F-49B5-9F29-00414DEA41D8}
		{6D926CD7-5FF9-489B-9049-7030AE8059C9} = {52D96C24-2F2F-49B5-9F29-00414DEA41D8}
		{92E2BB84-C7EC-418E-879A-40B891CAE6E7} = {52D96C24-2F2F-49B5-9F29-00414DEA41D8}
		{C8C82C05-DEFD-4E79-9772-B5EA3D2E5D88} = {52D96C24-2F2F-49B5-9F29-00414DEA41D8}
	EndGlobalSection
	GlobalSection(ExtensibilityGlobals) = postSolution
		SolutionGuid = {1F219808-E6E8-4C1D-B846-41F2F7CF20FA}
	EndGlobalSection
EndGlobal
