
Microsoft Visual Studio Solution File, Format Version 12.00
# Visual Studio Version 17
VisualStudioVersion = 17.0.31919.166
MinimumVisualStudioVersion = 10.0.40219.1
Project("{9A19103F-16F7-4668-BE54-9A1E7A4F7556}") = "IoTGateway", "IoTGateway\IoTGateway.csproj", "{1F9122C1-19DE-4A8B-9A00-D59E592ECC3A}"
EndProject
Project("{9A19103F-16F7-4668-BE54-9A1E7A4F7556}") = "IoTGateway.Model", "IoTGateway.Model\IoTGateway.Model.csproj", "{44619988-9F09-4714-9532-A44FAF8275FE}"
EndProject
Project("{9A19103F-16F7-4668-BE54-9A1E7A4F7556}") = "IoTGateway.DataAccess", "IoTGateway.DataAccess\IoTGateway.DataAccess.csproj", "{27FF2D65-0BBA-4C69-9DD7-311A4F21541E}"
EndProject
Project("{9A19103F-16F7-4668-BE54-9A1E7A4F7556}") = "IoTGateway.ViewModel", "IoTGateway.ViewModel\IoTGateway.ViewModel.csproj", "{E63C22D5-5F9B-4671-B115-40721B27F09F}"
EndProject
Project("{2150E333-8FDC-42A3-9474-1A3956D46DE8}") = "Plugins", "Plugins", "{2C665127-D9D0-445E-80A9-FD459673D454}"
EndProject
Project("{2150E333-8FDC-42A3-9474-1A3956D46DE8}") = "WalkingTec.Mvvm", "WalkingTec.Mvvm", "{0DD65BFB-EDC4-49CD-857C-6CCAAAF1CDFB}"
EndProject
Project("{9A19103F-16F7-4668-BE54-9A1E7A4F7556}") = "WalkingTec.Mvvm.Core", "WalkingTec.Mvvm\WalkingTec.Mvvm.Core\WalkingTec.Mvvm.Core.csproj", "{89DE240E-5393-4DD4-87C9-3AD9D44B6E7E}"
EndProject
Project("{9A19103F-16F7-4668-BE54-9A1E7A4F7556}") = "WalkingTec.Mvvm.Mvc", "WalkingTec.Mvvm\WalkingTec.Mvvm.Mvc\WalkingTec.Mvvm.Mvc.csproj", "{96D436B4-4703-4448-A879-B69ACE89CA11}"
EndProject
Project("{9A19103F-16F7-4668-BE54-9A1E7A4F7556}") = "WalkingTec.Mvvm.TagHelpers.LayUI", "WalkingTec.Mvvm\WalkingTec.Mvvm.TagHelpers.LayUI\WalkingTec.Mvvm.TagHelpers.LayUI.csproj", "{816DDA22-F7E8-4FB2-83A4-0954A0EEEBBF}"
EndProject
Project("{9A19103F-16F7-4668-BE54-9A1E7A4F7556}") = "Plugin", "Plugins\Plugin\Plugin.csproj", "{5C12EBFB-B152-48C6-AA52-71128F246594}"
EndProject
Project("{9A19103F-16F7-4668-BE54-9A1E7A4F7556}") = "PluginInterface", "Plugins\PluginInterface\PluginInterface.csproj", "{7752AD8C-04BF-4BD2-9272-CDA4F78FA954}"
EndProject
Project("{2150E333-8FDC-42A3-9474-1A3956D46DE8}") = "Drivers", "Drivers", "{D05CFF72-D58C-418A-8F52-B06848DAC4F1}"
EndProject
Project("{9A19103F-16F7-4668-BE54-9A1E7A4F7556}") = "PLC.ModBusMaster", "Plugins\Drivers\PLC.ModBusMaster\PLC.ModBusMaster.csproj", "{B6D55C31-E1B9-4A59-9BD1-A531EC5306A9}"
EndProject
Project("{9A19103F-16F7-4668-BE54-9A1E7A4F7556}") = "CNC.Fanuc", "Plugins\Drivers\CNC.Fanuc\CNC.Fanuc.csproj", "{C7C873AE-1346-454F-B37C-F278524452EA}"
EndProject
Project("{9A19103F-16F7-4668-BE54-9A1E7A4F7556}") = "PLC.AllenBradley", "Plugins\Drivers\PLC.AllenBradley\PLC.AllenBradley.csproj", "{42E1D556-D4B4-4DE0-BFAC-EC18EFC85AE7}"
EndProject
Project("{2150E333-8FDC-42A3-9474-1A3956D46DE8}") = "PLC", "PLC", "{1606D516-3865-4F57-9199-93091CF546F5}"
EndProject
Project("{2150E333-8FDC-42A3-9474-1A3956D46DE8}") = "Building", "Building", "{FFE700D9-F02F-4973-9D9E-0B370D00D5C1}"
EndProject
Project("{2150E333-8FDC-42A3-9474-1A3956D46DE8}") = "CNC", "CNC", "{789C3203-3CE0-466C-A4F0-4B405406B94A}"
EndProject
Project("{2150E333-8FDC-42A3-9474-1A3956D46DE8}") = "Energy", "Energy", "{49BBB20D-6453-40C2-A9C7-F77DBCB95974}"
EndProject
Project("{2150E333-8FDC-42A3-9474-1A3956D46DE8}") = "Other", "Other", "{912978D3-65E6-4029-ABEF-9673F3225605}"
EndProject
Project("{9A19103F-16F7-4668-BE54-9A1E7A4F7556}") = "Other.Toledo", "Plugins\Drivers\Other.Toledo\Other.Toledo.csproj", "{22938881-111F-438C-8FE2-2053BD2C97AA}"
EndProject
Project("{9A19103F-16F7-4668-BE54-9A1E7A4F7556}") = "CNC.Fanuc.H", "Plugins\Drivers\CNC.Fanuc.H\CNC.Fanuc.H.csproj", "{FBB004B6-2422-472B-AE5F-46CBE841EFF8}"
EndProject
Project("{9A19103F-16F7-4668-BE54-9A1E7A4F7556}") = "PLC.MelsecMc", "Plugins\Drivers\PLC.MelsecMc\PLC.MelsecMc.csproj", "{35074354-AF67-468D-A0F3-4DA9000912D3}"
EndProject
Project("{9A19103F-16F7-4668-BE54-9A1E7A4F7556}") = "PLC.SiemensS7", "Plugins\Drivers\PLC.SiemensS7\PLC.SiemensS7.csproj", "{DACBF090-B59F-4962-9B93-B00F9E031F57}"
EndProject
Project("{9A19103F-16F7-4668-BE54-9A1E7A4F7556}") = "CNC.MTConnect", "Plugins\Drivers\CNC.MTConnect\CNC.MTConnect.csproj", "{4CE60A0C-0B7D-49D6-880E-D28782693586}"
EndProject
Project("{9A19103F-16F7-4668-BE54-9A1E7A4F7556}") = "PLC.OmronFins", "Plugins\Drivers\PLC.OmronFins\PLC.OmronFins.csproj", "{F5CAB900-BB39-48F4-A1AF-AD84491BECF8}"
EndProject
Project("{2150E333-8FDC-42A3-9474-1A3956D46DE8}") = "OPC", "OPC", "{F8957F78-9D5D-4905-9EFC-EEEBA3A3A13F}"
EndProject
Project("{9A19103F-16F7-4668-BE54-9A1E7A4F7556}") = "OPC.DaClient", "Plugins\Drivers\OPC.DaClient\OPC.DaClient.csproj", "{43732FDC-59DD-4D16-9BF0-B9CD431CA8A4}"
EndProject
Project("{9A19103F-16F7-4668-BE54-9A1E7A4F7556}") = "OPC.UaClient", "Plugins\Drivers\OPC.UaClient\OPC.UaClient.csproj", "{0C82F208-B9B3-485D-A6DD-9ADC59FBF831}"
EndProject
Project("{2150E333-8FDC-42A3-9474-1A3956D46DE8}") = "Mock", "Mock", "{87954B15-5C35-4454-AFC7-9DCE8066D5A0}"
EndProject
Project("{9A19103F-16F7-4668-BE54-9A1E7A4F7556}") = "Mock.TcpClient", "Plugins\Drivers\Mock.TcpClient\Mock.TcpClient.csproj", "{1DE34C11-5461-442B-8C67-FCB0247C09D3}"
EndProject
Global
	GlobalSection(SolutionConfigurationPlatforms) = preSolution
		Debug|Any CPU = Debug|Any CPU
		Debug|x86 = Debug|x86
		Release|Any CPU = Release|Any CPU
		Release|x86 = Release|x86
	EndGlobalSection
	GlobalSection(ProjectConfigurationPlatforms) = postSolution
		{1F9122C1-19DE-4A8B-9A00-D59E592ECC3A}.Debug|Any CPU.ActiveCfg = Debug|Any CPU
		{1F9122C1-19DE-4A8B-9A00-D59E592ECC3A}.Debug|Any CPU.Build.0 = Debug|Any CPU
		{1F9122C1-19DE-4A8B-9A00-D59E592ECC3A}.Debug|x86.ActiveCfg = Debug|Any CPU
		{1F9122C1-19DE-4A8B-9A00-D59E592ECC3A}.Debug|x86.Build.0 = Debug|Any CPU
		{1F9122C1-19DE-4A8B-9A00-D59E592ECC3A}.Release|Any CPU.ActiveCfg = Release|Any CPU
		{1F9122C1-19DE-4A8B-9A00-D59E592ECC3A}.Release|Any CPU.Build.0 = Release|Any CPU
		{1F9122C1-19DE-4A8B-9A00-D59E592ECC3A}.Release|x86.ActiveCfg = Release|Any CPU
		{1F9122C1-19DE-4A8B-9A00-D59E592ECC3A}.Release|x86.Build.0 = Release|Any CPU
		{44619988-9F09-4714-9532-A44FAF8275FE}.Debug|Any CPU.ActiveCfg = Debug|Any CPU
		{44619988-9F09-4714-9532-A44FAF8275FE}.Debug|Any CPU.Build.0 = Debug|Any CPU
		{44619988-9F09-4714-9532-A44FAF8275FE}.Debug|x86.ActiveCfg = Debug|Any CPU
		{44619988-9F09-4714-9532-A44FAF8275FE}.Debug|x86.Build.0 = Debug|Any CPU
		{44619988-9F09-4714-9532-A44FAF8275FE}.Release|Any CPU.ActiveCfg = Release|Any CPU
		{44619988-9F09-4714-9532-A44FAF8275FE}.Release|Any CPU.Build.0 = Release|Any CPU
		{44619988-9F09-4714-9532-A44FAF8275FE}.Release|x86.ActiveCfg = Release|Any CPU
		{44619988-9F09-4714-9532-A44FAF8275FE}.Release|x86.Build.0 = Release|Any CPU
		{27FF2D65-0BBA-4C69-9DD7-311A4F21541E}.Debug|Any CPU.ActiveCfg = Debug|Any CPU
		{27FF2D65-0BBA-4C69-9DD7-311A4F21541E}.Debug|Any CPU.Build.0 = Debug|Any CPU
		{27FF2D65-0BBA-4C69-9DD7-311A4F21541E}.Debug|x86.ActiveCfg = Debug|Any CPU
		{27FF2D65-0BBA-4C69-9DD7-311A4F21541E}.Debug|x86.Build.0 = Debug|Any CPU
		{27FF2D65-0BBA-4C69-9DD7-311A4F21541E}.Release|Any CPU.ActiveCfg = Release|Any CPU
		{27FF2D65-0BBA-4C69-9DD7-311A4F21541E}.Release|Any CPU.Build.0 = Release|Any CPU
		{27FF2D65-0BBA-4C69-9DD7-311A4F21541E}.Release|x86.ActiveCfg = Release|Any CPU
		{27FF2D65-0BBA-4C69-9DD7-311A4F21541E}.Release|x86.Build.0 = Release|Any CPU
		{E63C22D5-5F9B-4671-B115-40721B27F09F}.Debug|Any CPU.ActiveCfg = Debug|Any CPU
		{E63C22D5-5F9B-4671-B115-40721B27F09F}.Debug|Any CPU.Build.0 = Debug|Any CPU
		{E63C22D5-5F9B-4671-B115-40721B27F09F}.Debug|x86.ActiveCfg = Debug|Any CPU
		{E63C22D5-5F9B-4671-B115-40721B27F09F}.Debug|x86.Build.0 = Debug|Any CPU
		{E63C22D5-5F9B-4671-B115-40721B27F09F}.Release|Any CPU.ActiveCfg = Release|Any CPU
		{E63C22D5-5F9B-4671-B115-40721B27F09F}.Release|Any CPU.Build.0 = Release|Any CPU
		{E63C22D5-5F9B-4671-B115-40721B27F09F}.Release|x86.ActiveCfg = Release|Any CPU
		{E63C22D5-5F9B-4671-B115-40721B27F09F}.Release|x86.Build.0 = Release|Any CPU
		{89DE240E-5393-4DD4-87C9-3AD9D44B6E7E}.Debug|Any CPU.ActiveCfg = Debug|Any CPU
		{89DE240E-5393-4DD4-87C9-3AD9D44B6E7E}.Debug|Any CPU.Build.0 = Debug|Any CPU
		{89DE240E-5393-4DD4-87C9-3AD9D44B6E7E}.Debug|x86.ActiveCfg = Debug|Any CPU
		{89DE240E-5393-4DD4-87C9-3AD9D44B6E7E}.Debug|x86.Build.0 = Debug|Any CPU
		{89DE240E-5393-4DD4-87C9-3AD9D44B6E7E}.Release|Any CPU.ActiveCfg = Release|Any CPU
		{89DE240E-5393-4DD4-87C9-3AD9D44B6E7E}.Release|Any CPU.Build.0 = Release|Any CPU
		{89DE240E-5393-4DD4-87C9-3AD9D44B6E7E}.Release|x86.ActiveCfg = Release|Any CPU
		{89DE240E-5393-4DD4-87C9-3AD9D44B6E7E}.Release|x86.Build.0 = Release|Any CPU
		{96D436B4-4703-4448-A879-B69ACE89CA11}.Debug|Any CPU.ActiveCfg = Debug|Any CPU
		{96D436B4-4703-4448-A879-B69ACE89CA11}.Debug|Any CPU.Build.0 = Debug|Any CPU
		{96D436B4-4703-4448-A879-B69ACE89CA11}.Debug|x86.ActiveCfg = Debug|Any CPU
		{96D436B4-4703-4448-A879-B69ACE89CA11}.Debug|x86.Build.0 = Debug|Any CPU
		{96D436B4-4703-4448-A879-B69ACE89CA11}.Release|Any CPU.ActiveCfg = Release|Any CPU
		{96D436B4-4703-4448-A879-B69ACE89CA11}.Release|Any CPU.Build.0 = Release|Any CPU
		{96D436B4-4703-4448-A879-B69ACE89CA11}.Release|x86.ActiveCfg = Release|Any CPU
		{96D436B4-4703-4448-A879-B69ACE89CA11}.Release|x86.Build.0 = Release|Any CPU
		{816DDA22-F7E8-4FB2-83A4-0954A0EEEBBF}.Debug|Any CPU.ActiveCfg = Debug|Any CPU
		{816DDA22-F7E8-4FB2-83A4-0954A0EEEBBF}.Debug|Any CPU.Build.0 = Debug|Any CPU
		{816DDA22-F7E8-4FB2-83A4-0954A0EEEBBF}.Debug|x86.ActiveCfg = Debug|Any CPU
		{816DDA22-F7E8-4FB2-83A4-0954A0EEEBBF}.Debug|x86.Build.0 = Debug|Any CPU
		{816DDA22-F7E8-4FB2-83A4-0954A0EEEBBF}.Release|Any CPU.ActiveCfg = Release|Any CPU
		{816DDA22-F7E8-4FB2-83A4-0954A0EEEBBF}.Release|Any CPU.Build.0 = Release|Any CPU
		{816DDA22-F7E8-4FB2-83A4-0954A0EEEBBF}.Release|x86.ActiveCfg = Release|Any CPU
		{816DDA22-F7E8-4FB2-83A4-0954A0EEEBBF}.Release|x86.Build.0 = Release|Any CPU
		{5C12EBFB-B152-48C6-AA52-71128F246594}.Debug|Any CPU.ActiveCfg = Debug|Any CPU
		{5C12EBFB-B152-48C6-AA52-71128F246594}.Debug|Any CPU.Build.0 = Debug|Any CPU
		{5C12EBFB-B152-48C6-AA52-71128F246594}.Debug|x86.ActiveCfg = Debug|Any CPU
		{5C12EBFB-B152-48C6-AA52-71128F246594}.Debug|x86.Build.0 = Debug|Any CPU
		{5C12EBFB-B152-48C6-AA52-71128F246594}.Release|Any CPU.ActiveCfg = Release|Any CPU
		{5C12EBFB-B152-48C6-AA52-71128F246594}.Release|Any CPU.Build.0 = Release|Any CPU
		{5C12EBFB-B152-48C6-AA52-71128F246594}.Release|x86.ActiveCfg = Release|Any CPU
		{5C12EBFB-B152-48C6-AA52-71128F246594}.Release|x86.Build.0 = Release|Any CPU
		{7752AD8C-04BF-4BD2-9272-CDA4F78FA954}.Debug|Any CPU.ActiveCfg = Debug|Any CPU
		{7752AD8C-04BF-4BD2-9272-CDA4F78FA954}.Debug|Any CPU.Build.0 = Debug|Any CPU
		{7752AD8C-04BF-4BD2-9272-CDA4F78FA954}.Debug|x86.ActiveCfg = Debug|Any CPU
		{7752AD8C-04BF-4BD2-9272-CDA4F78FA954}.Debug|x86.Build.0 = Debug|Any CPU
		{7752AD8C-04BF-4BD2-9272-CDA4F78FA954}.Release|Any CPU.ActiveCfg = Release|Any CPU
		{7752AD8C-04BF-4BD2-9272-CDA4F78FA954}.Release|Any CPU.Build.0 = Release|Any CPU
		{7752AD8C-04BF-4BD2-9272-CDA4F78FA954}.Release|x86.ActiveCfg = Release|Any CPU
		{7752AD8C-04BF-4BD2-9272-CDA4F78FA954}.Release|x86.Build.0 = Release|Any CPU
		{B6D55C31-E1B9-4A59-9BD1-A531EC5306A9}.Debug|Any CPU.ActiveCfg = Debug|Any CPU
		{B6D55C31-E1B9-4A59-9BD1-A531EC5306A9}.Debug|Any CPU.Build.0 = Debug|Any CPU
		{B6D55C31-E1B9-4A59-9BD1-A531EC5306A9}.Debug|x86.ActiveCfg = Debug|Any CPU
		{B6D55C31-E1B9-4A59-9BD1-A531EC5306A9}.Debug|x86.Build.0 = Debug|Any CPU
		{B6D55C31-E1B9-4A59-9BD1-A531EC5306A9}.Release|Any CPU.ActiveCfg = Release|Any CPU
		{B6D55C31-E1B9-4A59-9BD1-A531EC5306A9}.Release|Any CPU.Build.0 = Release|Any CPU
		{B6D55C31-E1B9-4A59-9BD1-A531EC5306A9}.Release|x86.ActiveCfg = Release|Any CPU
		{B6D55C31-E1B9-4A59-9BD1-A531EC5306A9}.Release|x86.Build.0 = Release|Any CPU
		{C7C873AE-1346-454F-B37C-F278524452EA}.Debug|Any CPU.ActiveCfg = Debug|Any CPU
		{C7C873AE-1346-454F-B37C-F278524452EA}.Debug|Any CPU.Build.0 = Debug|Any CPU
		{C7C873AE-1346-454F-B37C-F278524452EA}.Debug|x86.ActiveCfg = Debug|Any CPU
		{C7C873AE-1346-454F-B37C-F278524452EA}.Debug|x86.Build.0 = Debug|Any CPU
		{C7C873AE-1346-454F-B37C-F278524452EA}.Release|Any CPU.ActiveCfg = Release|Any CPU
		{C7C873AE-1346-454F-B37C-F278524452EA}.Release|Any CPU.Build.0 = Release|Any CPU
		{C7C873AE-1346-454F-B37C-F278524452EA}.Release|x86.ActiveCfg = Release|Any CPU
		{C7C873AE-1346-454F-B37C-F278524452EA}.Release|x86.Build.0 = Release|Any CPU
		{42E1D556-D4B4-4DE0-BFAC-EC18EFC85AE7}.Debug|Any CPU.ActiveCfg = Debug|Any CPU
		{42E1D556-D4B4-4DE0-BFAC-EC18EFC85AE7}.Debug|Any CPU.Build.0 = Debug|Any CPU
		{42E1D556-D4B4-4DE0-BFAC-EC18EFC85AE7}.Debug|x86.ActiveCfg = Debug|Any CPU
		{42E1D556-D4B4-4DE0-BFAC-EC18EFC85AE7}.Debug|x86.Build.0 = Debug|Any CPU
		{42E1D556-D4B4-4DE0-BFAC-EC18EFC85AE7}.Release|Any CPU.ActiveCfg = Release|Any CPU
		{42E1D556-D4B4-4DE0-BFAC-EC18EFC85AE7}.Release|Any CPU.Build.0 = Release|Any CPU
		{42E1D556-D4B4-4DE0-BFAC-EC18EFC85AE7}.Release|x86.ActiveCfg = Release|Any CPU
		{42E1D556-D4B4-4DE0-BFAC-EC18EFC85AE7}.Release|x86.Build.0 = Release|Any CPU
		{22938881-111F-438C-8FE2-2053BD2C97AA}.Debug|Any CPU.ActiveCfg = Debug|Any CPU
		{22938881-111F-438C-8FE2-2053BD2C97AA}.Debug|Any CPU.Build.0 = Debug|Any CPU
		{22938881-111F-438C-8FE2-2053BD2C97AA}.Debug|x86.ActiveCfg = Debug|Any CPU
		{22938881-111F-438C-8FE2-2053BD2C97AA}.Debug|x86.Build.0 = Debug|Any CPU
		{22938881-111F-438C-8FE2-2053BD2C97AA}.Release|Any CPU.ActiveCfg = Release|Any CPU
		{22938881-111F-438C-8FE2-2053BD2C97AA}.Release|Any CPU.Build.0 = Release|Any CPU
		{22938881-111F-438C-8FE2-2053BD2C97AA}.Release|x86.ActiveCfg = Release|Any CPU
		{22938881-111F-438C-8FE2-2053BD2C97AA}.Release|x86.Build.0 = Release|Any CPU
		{FBB004B6-2422-472B-AE5F-46CBE841EFF8}.Debug|Any CPU.ActiveCfg = Debug|Any CPU
		{FBB004B6-2422-472B-AE5F-46CBE841EFF8}.Debug|Any CPU.Build.0 = Debug|Any CPU
		{FBB004B6-2422-472B-AE5F-46CBE841EFF8}.Debug|x86.ActiveCfg = Debug|Any CPU
		{FBB004B6-2422-472B-AE5F-46CBE841EFF8}.Debug|x86.Build.0 = Debug|Any CPU
		{FBB004B6-2422-472B-AE5F-46CBE841EFF8}.Release|Any CPU.ActiveCfg = Release|Any CPU
		{FBB004B6-2422-472B-AE5F-46CBE841EFF8}.Release|Any CPU.Build.0 = Release|Any CPU
		{FBB004B6-2422-472B-AE5F-46CBE841EFF8}.Release|x86.ActiveCfg = Release|Any CPU
		{FBB004B6-2422-472B-AE5F-46CBE841EFF8}.Release|x86.Build.0 = Release|Any CPU
		{35074354-AF67-468D-A0F3-4DA9000912D3}.Debug|Any CPU.ActiveCfg = Debug|Any CPU
		{35074354-AF67-468D-A0F3-4DA9000912D3}.Debug|Any CPU.Build.0 = Debug|Any CPU
		{35074354-AF67-468D-A0F3-4DA9000912D3}.Debug|x86.ActiveCfg = Debug|Any CPU
		{35074354-AF67-468D-A0F3-4DA9000912D3}.Debug|x86.Build.0 = Debug|Any CPU
		{35074354-AF67-468D-A0F3-4DA9000912D3}.Release|Any CPU.ActiveCfg = Release|Any CPU
		{35074354-AF67-468D-A0F3-4DA9000912D3}.Release|Any CPU.Build.0 = Release|Any CPU
		{35074354-AF67-468D-A0F3-4DA9000912D3}.Release|x86.ActiveCfg = Release|Any CPU
		{35074354-AF67-468D-A0F3-4DA9000912D3}.Release|x86.Build.0 = Release|Any CPU
		{DACBF090-B59F-4962-9B93-B00F9E031F57}.Debug|Any CPU.ActiveCfg = Debug|Any CPU
		{DACBF090-B59F-4962-9B93-B00F9E031F57}.Debug|Any CPU.Build.0 = Debug|Any CPU
		{DACBF090-B59F-4962-9B93-B00F9E031F57}.Debug|x86.ActiveCfg = Debug|Any CPU
		{DACBF090-B59F-4962-9B93-B00F9E031F57}.Debug|x86.Build.0 = Debug|Any CPU
		{DACBF090-B59F-4962-9B93-B00F9E031F57}.Release|Any CPU.ActiveCfg = Release|Any CPU
		{DACBF090-B59F-4962-9B93-B00F9E031F57}.Release|Any CPU.Build.0 = Release|Any CPU
		{DACBF090-B59F-4962-9B93-B00F9E031F57}.Release|x86.ActiveCfg = Release|Any CPU
		{DACBF090-B59F-4962-9B93-B00F9E031F57}.Release|x86.Build.0 = Release|Any CPU
		{4CE60A0C-0B7D-49D6-880E-D28782693586}.Debug|Any CPU.ActiveCfg = Debug|Any CPU
		{4CE60A0C-0B7D-49D6-880E-D28782693586}.Debug|Any CPU.Build.0 = Debug|Any CPU
		{4CE60A0C-0B7D-49D6-880E-D28782693586}.Debug|x86.ActiveCfg = Debug|Any CPU
		{4CE60A0C-0B7D-49D6-880E-D28782693586}.Debug|x86.Build.0 = Debug|Any CPU
		{4CE60A0C-0B7D-49D6-880E-D28782693586}.Release|Any CPU.ActiveCfg = Release|Any CPU
		{4CE60A0C-0B7D-49D6-880E-D28782693586}.Release|Any CPU.Build.0 = Release|Any CPU
		{4CE60A0C-0B7D-49D6-880E-D28782693586}.Release|x86.ActiveCfg = Release|Any CPU
		{4CE60A0C-0B7D-49D6-880E-D28782693586}.Release|x86.Build.0 = Release|Any CPU
		{F5CAB900-BB39-48F4-A1AF-AD84491BECF8}.Debug|Any CPU.ActiveCfg = Debug|Any CPU
		{F5CAB900-BB39-48F4-A1AF-AD84491BECF8}.Debug|Any CPU.Build.0 = Debug|Any CPU
		{F5CAB900-BB39-48F4-A1AF-AD84491BECF8}.Debug|x86.ActiveCfg = Debug|Any CPU
		{F5CAB900-BB39-48F4-A1AF-AD84491BECF8}.Debug|x86.Build.0 = Debug|Any CPU
		{F5CAB900-BB39-48F4-A1AF-AD84491BECF8}.Release|Any CPU.ActiveCfg = Release|Any CPU
		{F5CAB900-BB39-48F4-A1AF-AD84491BECF8}.Release|Any CPU.Build.0 = Release|Any CPU
		{F5CAB900-BB39-48F4-A1AF-AD84491BECF8}.Release|x86.ActiveCfg = Release|Any CPU
		{F5CAB900-BB39-48F4-A1AF-AD84491BECF8}.Release|x86.Build.0 = Release|Any CPU
		{43732FDC-59DD-4D16-9BF0-B9CD431CA8A4}.Debug|Any CPU.ActiveCfg = Debug|Any CPU
		{43732FDC-59DD-4D16-9BF0-B9CD431CA8A4}.Debug|Any CPU.Build.0 = Debug|Any CPU
		{43732FDC-59DD-4D16-9BF0-B9CD431CA8A4}.Debug|x86.ActiveCfg = Debug|Any CPU
		{43732FDC-59DD-4D16-9BF0-B9CD431CA8A4}.Debug|x86.Build.0 = Debug|Any CPU
		{43732FDC-59DD-4D16-9BF0-B9CD431CA8A4}.Release|Any CPU.ActiveCfg = Release|Any CPU
		{43732FDC-59DD-4D16-9BF0-B9CD431CA8A4}.Release|Any CPU.Build.0 = Release|Any CPU
		{43732FDC-59DD-4D16-9BF0-B9CD431CA8A4}.Release|x86.ActiveCfg = Release|Any CPU
		{43732FDC-59DD-4D16-9BF0-B9CD431CA8A4}.Release|x86.Build.0 = Release|Any CPU
		{0C82F208-B9B3-485D-A6DD-9ADC59FBF831}.Debug|Any CPU.ActiveCfg = Debug|Any CPU
		{0C82F208-B9B3-485D-A6DD-9ADC59FBF831}.Debug|Any CPU.Build.0 = Debug|Any CPU
		{0C82F208-B9B3-485D-A6DD-9ADC59FBF831}.Debug|x86.ActiveCfg = Debug|Any CPU
		{0C82F208-B9B3-485D-A6DD-9ADC59FBF831}.Debug|x86.Build.0 = Debug|Any CPU
		{0C82F208-B9B3-485D-A6DD-9ADC59FBF831}.Release|Any CPU.ActiveCfg = Release|Any CPU
		{0C82F208-B9B3-485D-A6DD-9ADC59FBF831}.Release|Any CPU.Build.0 = Release|Any CPU
		{0C82F208-B9B3-485D-A6DD-9ADC59FBF831}.Release|x86.ActiveCfg = Release|Any CPU
		{0C82F208-B9B3-485D-A6DD-9ADC59FBF831}.Release|x86.Build.0 = Release|Any CPU
		{1DE34C11-5461-442B-8C67-FCB0247C09D3}.Debug|Any CPU.ActiveCfg = Debug|Any CPU
		{1DE34C11-5461-442B-8C67-FCB0247C09D3}.Debug|Any CPU.Build.0 = Debug|Any CPU
		{1DE34C11-5461-442B-8C67-FCB0247C09D3}.Debug|x86.ActiveCfg = Debug|Any CPU
		{1DE34C11-5461-442B-8C67-FCB0247C09D3}.Debug|x86.Build.0 = Debug|Any CPU
		{1DE34C11-5461-442B-8C67-FCB0247C09D3}.Release|Any CPU.ActiveCfg = Release|Any CPU
		{1DE34C11-5461-442B-8C67-FCB0247C09D3}.Release|Any CPU.Build.0 = Release|Any CPU
		{1DE34C11-5461-442B-8C67-FCB0247C09D3}.Release|x86.ActiveCfg = Release|Any CPU
		{1DE34C11-5461-442B-8C67-FCB0247C09D3}.Release|x86.Build.0 = Release|Any CPU
	EndGlobalSection
	GlobalSection(SolutionProperties) = preSolution
		HideSolutionNode = FALSE
	EndGlobalSection
	GlobalSection(NestedProjects) = preSolution
		{89DE240E-5393-4DD4-87C9-3AD9D44B6E7E} = {0DD65BFB-EDC4-49CD-857C-6CCAAAF1CDFB}
		{96D436B4-4703-4448-A879-B69ACE89CA11} = {0DD65BFB-EDC4-49CD-857C-6CCAAAF1CDFB}
		{816DDA22-F7E8-4FB2-83A4-0954A0EEEBBF} = {0DD65BFB-EDC4-49CD-857C-6CCAAAF1CDFB}
		{5C12EBFB-B152-48C6-AA52-71128F246594} = {2C665127-D9D0-445E-80A9-FD459673D454}
		{7752AD8C-04BF-4BD2-9272-CDA4F78FA954} = {2C665127-D9D0-445E-80A9-FD459673D454}
		{D05CFF72-D58C-418A-8F52-B06848DAC4F1} = {2C665127-D9D0-445E-80A9-FD459673D454}
		{B6D55C31-E1B9-4A59-9BD1-A531EC5306A9} = {1606D516-3865-4F57-9199-93091CF546F5}
		{C7C873AE-1346-454F-B37C-F278524452EA} = {789C3203-3CE0-466C-A4F0-4B405406B94A}
		{42E1D556-D4B4-4DE0-BFAC-EC18EFC85AE7} = {1606D516-3865-4F57-9199-93091CF546F5}
		{1606D516-3865-4F57-9199-93091CF546F5} = {D05CFF72-D58C-418A-8F52-B06848DAC4F1}
		{FFE700D9-F02F-4973-9D9E-0B370D00D5C1} = {D05CFF72-D58C-418A-8F52-B06848DAC4F1}
		{789C3203-3CE0-466C-A4F0-4B405406B94A} = {D05CFF72-D58C-418A-8F52-B06848DAC4F1}
		{49BBB20D-6453-40C2-A9C7-F77DBCB95974} = {D05CFF72-D58C-418A-8F52-B06848DAC4F1}
		{912978D3-65E6-4029-ABEF-9673F3225605} = {D05CFF72-D58C-418A-8F52-B06848DAC4F1}
		{22938881-111F-438C-8FE2-2053BD2C97AA} = {912978D3-65E6-4029-ABEF-9673F3225605}
		{FBB004B6-2422-472B-AE5F-46CBE841EFF8} = {789C3203-3CE0-466C-A4F0-4B405406B94A}
		{35074354-AF67-468D-A0F3-4DA9000912D3} = {1606D516-3865-4F57-9199-93091CF546F5}
		{DACBF090-B59F-4962-9B93-B00F9E031F57} = {1606D516-3865-4F57-9199-93091CF546F5}
		{4CE60A0C-0B7D-49D6-880E-D28782693586} = {789C3203-3CE0-466C-A4F0-4B405406B94A}
		{F5CAB900-BB39-48F4-A1AF-AD84491BECF8} = {1606D516-3865-4F57-9199-93091CF546F5}
		{F8957F78-9D5D-4905-9EFC-EEEBA3A3A13F} = {D05CFF72-D58C-418A-8F52-B06848DAC4F1}
		{43732FDC-59DD-4D16-9BF0-B9CD431CA8A4} = {F8957F78-9D5D-4905-9EFC-EEEBA3A3A13F}
		{0C82F208-B9B3-485D-A6DD-9ADC59FBF831} = {F8957F78-9D5D-4905-9EFC-EEEBA3A3A13F}
		{87954B15-5C35-4454-AFC7-9DCE8066D5A0} = {D05CFF72-D58C-418A-8F52-B06848DAC4F1}
		{1DE34C11-5461-442B-8C67-FCB0247C09D3} = {87954B15-5C35-4454-AFC7-9DCE8066D5A0}
	EndGlobalSection
	GlobalSection(ExtensibilityGlobals) = postSolution
		SolutionGuid = {1F219808-E6E8-4C1D-B846-41F2F7CF20FA}
	EndGlobalSection
EndGlobal
