
Microsoft Visual Studio Solution File, Format Version 12.00
# Visual Studio Version 17
VisualStudioVersion = 17.0.31919.166
MinimumVisualStudioVersion = 10.0.40219.1
Project("{9A19103F-16F7-4668-BE54-9A1E7A4F7556}") = "IoTGateway", "IoTGateway\IoTGateway.csproj", "{1F9122C1-19DE-4A8B-9A00-D59E592ECC3A}"
EndProject
Project("{9A19103F-16F7-4668-BE54-9A1E7A4F7556}") = "IoTGateway.Model", "IoTGateway.Model\IoTGateway.Model.csproj", "{44619988-9F09-4714-9532-A44FAF8275FE}"
EndProject
Project("{9A19103F-16F7-4668-BE54-9A1E7A4F7556}") = "IoTGateway.DataAccess", "IoTGateway.DataAccess\IoTGateway.DataAccess.csproj", "{27FF2D65-0BBA-4C69-9DD7-311A4F21541E}"
EndProject
Project("{9A19103F-16F7-4668-BE54-9A1E7A4F7556}") = "IoTGateway.ViewModel", "IoTGateway.ViewModel\IoTGateway.ViewModel.csproj", "{E63C22D5-5F9B-4671-B115-40721B27F09F}"
EndProject
Project("{2150E333-8FDC-42A3-9474-1A3956D46DE8}") = "Plugins", "Plugins", "{2C665127-D9D0-445E-80A9-FD459673D454}"
EndProject
Project("{2150E333-8FDC-42A3-9474-1A3956D46DE8}") = "WalkingTec.Mvvm", "WalkingTec.Mvvm", "{0DD65BFB-EDC4-49CD-857C-6CCAAAF1CDFB}"
EndProject
Project("{9A19103F-16F7-4668-BE54-9A1E7A4F7556}") = "WalkingTec.Mvvm.Core", "WalkingTec.Mvvm\WalkingTec.Mvvm.Core\WalkingTec.Mvvm.Core.csproj", "{89DE240E-5393-4DD4-87C9-3AD9D44B6E7E}"
EndProject
Project("{9A19103F-16F7-4668-BE54-9A1E7A4F7556}") = "WalkingTec.Mvvm.Mvc", "WalkingTec.Mvvm\WalkingTec.Mvvm.Mvc\WalkingTec.Mvvm.Mvc.csproj", "{96D436B4-4703-4448-A879-B69ACE89CA11}"
EndProject
Project("{9A19103F-16F7-4668-BE54-9A1E7A4F7556}") = "WalkingTec.Mvvm.TagHelpers.LayUI", "WalkingTec.Mvvm\WalkingTec.Mvvm.TagHelpers.LayUI\WalkingTec.Mvvm.TagHelpers.LayUI.csproj", "{816DDA22-F7E8-4FB2-83A4-0954A0EEEBBF}"
EndProject
Project("{9A19103F-16F7-4668-BE54-9A1E7A4F7556}") = "Plugin", "Plugins\Plugin\Plugin.csproj", "{5C12EBFB-B152-48C6-AA52-71128F246594}"
EndProject
Project("{9A19103F-16F7-4668-BE54-9A1E7A4F7556}") = "PluginInterface", "Plugins\PluginInterface\PluginInterface.csproj", "{7752AD8C-04BF-4BD2-9272-CDA4F78FA954}"
EndProject
Project("{2150E333-8FDC-42A3-9474-1A3956D46DE8}") = "Drivers", "Drivers", "{D05CFF72-D58C-418A-8F52-B06848DAC4F1}"
EndProject
Project("{9A19103F-16F7-4668-BE54-9A1E7A4F7556}") = "DriverAllenBradley", "Plugins\Drivers\DriverAllenBradley\DriverAllenBradley.csproj", "{3106F31C-0502-42D3-A27B-BDD2199D72CC}"
EndProject
Project("{9A19103F-16F7-4668-BE54-9A1E7A4F7556}") = "DriverMitsubishi", "Plugins\Drivers\DriverMitsubishi\DriverMitsubishi.csproj", "{8919CDA5-23A6-4C04-87F9-C83DF4BEF357}"
EndProject
Project("{9A19103F-16F7-4668-BE54-9A1E7A4F7556}") = "DriverModbusMaster", "Plugins\Drivers\DriverModbusMaster\DriverModbusMaster.csproj", "{8E2D91DC-DEE4-4843-8D09-6FC06651527E}"
EndProject
Project("{9A19103F-16F7-4668-BE54-9A1E7A4F7556}") = "DriverMTConnect", "Plugins\Drivers\DriverMTConnect\DriverMTConnect.csproj", "{64D4C755-33DD-4103-908B-82FA63C5BFB2}"
EndProject
Project("{9A19103F-16F7-4668-BE54-9A1E7A4F7556}") = "DriverOPCUaClient", "Plugins\Drivers\DriverOPCUaClient\DriverOPCUaClient.csproj", "{AAC81E6C-C62E-4F52-85B5-1EA8D54AE9F6}"
EndProject
Project("{9A19103F-16F7-4668-BE54-9A1E7A4F7556}") = "DriverSiemensS7", "Plugins\Drivers\DriverSiemensS7\DriverSiemensS7.csproj", "{28FEF3AF-4CAA-4B5C-B16F-E74BAD70BCE2}"
EndProject
Project("{9A19103F-16F7-4668-BE54-9A1E7A4F7556}") = "DriverOmronFins", "Plugins\Drivers\DriverOmronFins\DriverOmronFins.csproj", "{FE2BFDBD-E021-45EA-B327-C56F6114D7A1}"
EndProject
Project("{9A19103F-16F7-4668-BE54-9A1E7A4F7556}") = "DriverSimTcpClient", "Plugins\Drivers\DriverSimTcpClient\DriverSimTcpClient.csproj", "{F8EC5EDE-9A2C-443B-B125-E39C748EBB2F}"
EndProject
Project("{9A19103F-16F7-4668-BE54-9A1E7A4F7556}") = "DriverFanucHsl", "Plugins\Drivers\DriverFanucHsl\DriverFanucHsl.csproj", "{10D22B6E-DE30-4F11-A005-8188DF549F72}"
EndProject
Project("{9A19103F-16F7-4668-BE54-9A1E7A4F7556}") = "DriverFanuc", "Plugins\Drivers\DriverFanuc\DriverFanuc.csproj", "{41F81606-1728-4A03-AE64-FA2CCF49BE5A}"
EndProject
Global
	GlobalSection(SolutionConfigurationPlatforms) = preSolution
		Debug|Any CPU = Debug|Any CPU
		Debug|x86 = Debug|x86
		Release|Any CPU = Release|Any CPU
		Release|x86 = Release|x86
	EndGlobalSection
	GlobalSection(ProjectConfigurationPlatforms) = postSolution
		{1F9122C1-19DE-4A8B-9A00-D59E592ECC3A}.Debug|Any CPU.ActiveCfg = Debug|Any CPU
		{1F9122C1-19DE-4A8B-9A00-D59E592ECC3A}.Debug|Any CPU.Build.0 = Debug|Any CPU
		{1F9122C1-19DE-4A8B-9A00-D59E592ECC3A}.Debug|x86.ActiveCfg = Debug|Any CPU
		{1F9122C1-19DE-4A8B-9A00-D59E592ECC3A}.Debug|x86.Build.0 = Debug|Any CPU
		{1F9122C1-19DE-4A8B-9A00-D59E592ECC3A}.Release|Any CPU.ActiveCfg = Release|Any CPU
		{1F9122C1-19DE-4A8B-9A00-D59E592ECC3A}.Release|Any CPU.Build.0 = Release|Any CPU
		{1F9122C1-19DE-4A8B-9A00-D59E592ECC3A}.Release|x86.ActiveCfg = Release|Any CPU
		{1F9122C1-19DE-4A8B-9A00-D59E592ECC3A}.Release|x86.Build.0 = Release|Any CPU
		{44619988-9F09-4714-9532-A44FAF8275FE}.Debug|Any CPU.ActiveCfg = Debug|Any CPU
		{44619988-9F09-4714-9532-A44FAF8275FE}.Debug|Any CPU.Build.0 = Debug|Any CPU
		{44619988-9F09-4714-9532-A44FAF8275FE}.Debug|x86.ActiveCfg = Debug|Any CPU
		{44619988-9F09-4714-9532-A44FAF8275FE}.Debug|x86.Build.0 = Debug|Any CPU
		{44619988-9F09-4714-9532-A44FAF8275FE}.Release|Any CPU.ActiveCfg = Release|Any CPU
		{44619988-9F09-4714-9532-A44FAF8275FE}.Release|Any CPU.Build.0 = Release|Any CPU
		{44619988-9F09-4714-9532-A44FAF8275FE}.Release|x86.ActiveCfg = Release|Any CPU
		{44619988-9F09-4714-9532-A44FAF8275FE}.Release|x86.Build.0 = Release|Any CPU
		{27FF2D65-0BBA-4C69-9DD7-311A4F21541E}.Debug|Any CPU.ActiveCfg = Debug|Any CPU
		{27FF2D65-0BBA-4C69-9DD7-311A4F21541E}.Debug|Any CPU.Build.0 = Debug|Any CPU
		{27FF2D65-0BBA-4C69-9DD7-311A4F21541E}.Debug|x86.ActiveCfg = Debug|Any CPU
		{27FF2D65-0BBA-4C69-9DD7-311A4F21541E}.Debug|x86.Build.0 = Debug|Any CPU
		{27FF2D65-0BBA-4C69-9DD7-311A4F21541E}.Release|Any CPU.ActiveCfg = Release|Any CPU
		{27FF2D65-0BBA-4C69-9DD7-311A4F21541E}.Release|Any CPU.Build.0 = Release|Any CPU
		{27FF2D65-0BBA-4C69-9DD7-311A4F21541E}.Release|x86.ActiveCfg = Release|Any CPU
		{27FF2D65-0BBA-4C69-9DD7-311A4F21541E}.Release|x86.Build.0 = Release|Any CPU
		{E63C22D5-5F9B-4671-B115-40721B27F09F}.Debug|Any CPU.ActiveCfg = Debug|Any CPU
		{E63C22D5-5F9B-4671-B115-40721B27F09F}.Debug|Any CPU.Build.0 = Debug|Any CPU
		{E63C22D5-5F9B-4671-B115-40721B27F09F}.Debug|x86.ActiveCfg = Debug|Any CPU
		{E63C22D5-5F9B-4671-B115-40721B27F09F}.Debug|x86.Build.0 = Debug|Any CPU
		{E63C22D5-5F9B-4671-B115-40721B27F09F}.Release|Any CPU.ActiveCfg = Release|Any CPU
		{E63C22D5-5F9B-4671-B115-40721B27F09F}.Release|Any CPU.Build.0 = Release|Any CPU
		{E63C22D5-5F9B-4671-B115-40721B27F09F}.Release|x86.ActiveCfg = Release|Any CPU
		{E63C22D5-5F9B-4671-B115-40721B27F09F}.Release|x86.Build.0 = Release|Any CPU
		{89DE240E-5393-4DD4-87C9-3AD9D44B6E7E}.Debug|Any CPU.ActiveCfg = Debug|Any CPU
		{89DE240E-5393-4DD4-87C9-3AD9D44B6E7E}.Debug|Any CPU.Build.0 = Debug|Any CPU
		{89DE240E-5393-4DD4-87C9-3AD9D44B6E7E}.Debug|x86.ActiveCfg = Debug|Any CPU
		{89DE240E-5393-4DD4-87C9-3AD9D44B6E7E}.Debug|x86.Build.0 = Debug|Any CPU
		{89DE240E-5393-4DD4-87C9-3AD9D44B6E7E}.Release|Any CPU.ActiveCfg = Release|Any CPU
		{89DE240E-5393-4DD4-87C9-3AD9D44B6E7E}.Release|Any CPU.Build.0 = Release|Any CPU
		{89DE240E-5393-4DD4-87C9-3AD9D44B6E7E}.Release|x86.ActiveCfg = Release|Any CPU
		{89DE240E-5393-4DD4-87C9-3AD9D44B6E7E}.Release|x86.Build.0 = Release|Any CPU
		{96D436B4-4703-4448-A879-B69ACE89CA11}.Debug|Any CPU.ActiveCfg = Debug|Any CPU
		{96D436B4-4703-4448-A879-B69ACE89CA11}.Debug|Any CPU.Build.0 = Debug|Any CPU
		{96D436B4-4703-4448-A879-B69ACE89CA11}.Debug|x86.ActiveCfg = Debug|Any CPU
		{96D436B4-4703-4448-A879-B69ACE89CA11}.Debug|x86.Build.0 = Debug|Any CPU
		{96D436B4-4703-4448-A879-B69ACE89CA11}.Release|Any CPU.ActiveCfg = Release|Any CPU
		{96D436B4-4703-4448-A879-B69ACE89CA11}.Release|Any CPU.Build.0 = Release|Any CPU
		{96D436B4-4703-4448-A879-B69ACE89CA11}.Release|x86.ActiveCfg = Release|Any CPU
		{96D436B4-4703-4448-A879-B69ACE89CA11}.Release|x86.Build.0 = Release|Any CPU
		{816DDA22-F7E8-4FB2-83A4-0954A0EEEBBF}.Debug|Any CPU.ActiveCfg = Debug|Any CPU
		{816DDA22-F7E8-4FB2-83A4-0954A0EEEBBF}.Debug|Any CPU.Build.0 = Debug|Any CPU
		{816DDA22-F7E8-4FB2-83A4-0954A0EEEBBF}.Debug|x86.ActiveCfg = Debug|Any CPU
		{816DDA22-F7E8-4FB2-83A4-0954A0EEEBBF}.Debug|x86.Build.0 = Debug|Any CPU
		{816DDA22-F7E8-4FB2-83A4-0954A0EEEBBF}.Release|Any CPU.ActiveCfg = Release|Any CPU
		{816DDA22-F7E8-4FB2-83A4-0954A0EEEBBF}.Release|Any CPU.Build.0 = Release|Any CPU
		{816DDA22-F7E8-4FB2-83A4-0954A0EEEBBF}.Release|x86.ActiveCfg = Release|Any CPU
		{816DDA22-F7E8-4FB2-83A4-0954A0EEEBBF}.Release|x86.Build.0 = Release|Any CPU
		{5C12EBFB-B152-48C6-AA52-71128F246594}.Debug|Any CPU.ActiveCfg = Debug|Any CPU
		{5C12EBFB-B152-48C6-AA52-71128F246594}.Debug|Any CPU.Build.0 = Debug|Any CPU
		{5C12EBFB-B152-48C6-AA52-71128F246594}.Debug|x86.ActiveCfg = Debug|Any CPU
		{5C12EBFB-B152-48C6-AA52-71128F246594}.Debug|x86.Build.0 = Debug|Any CPU
		{5C12EBFB-B152-48C6-AA52-71128F246594}.Release|Any CPU.ActiveCfg = Release|Any CPU
		{5C12EBFB-B152-48C6-AA52-71128F246594}.Release|Any CPU.Build.0 = Release|Any CPU
		{5C12EBFB-B152-48C6-AA52-71128F246594}.Release|x86.ActiveCfg = Release|Any CPU
		{5C12EBFB-B152-48C6-AA52-71128F246594}.Release|x86.Build.0 = Release|Any CPU
		{7752AD8C-04BF-4BD2-9272-CDA4F78FA954}.Debug|Any CPU.ActiveCfg = Debug|Any CPU
		{7752AD8C-04BF-4BD2-9272-CDA4F78FA954}.Debug|Any CPU.Build.0 = Debug|Any CPU
		{7752AD8C-04BF-4BD2-9272-CDA4F78FA954}.Debug|x86.ActiveCfg = Debug|Any CPU
		{7752AD8C-04BF-4BD2-9272-CDA4F78FA954}.Debug|x86.Build.0 = Debug|Any CPU
		{7752AD8C-04BF-4BD2-9272-CDA4F78FA954}.Release|Any CPU.ActiveCfg = Release|Any CPU
		{7752AD8C-04BF-4BD2-9272-CDA4F78FA954}.Release|Any CPU.Build.0 = Release|Any CPU
		{7752AD8C-04BF-4BD2-9272-CDA4F78FA954}.Release|x86.ActiveCfg = Release|Any CPU
		{7752AD8C-04BF-4BD2-9272-CDA4F78FA954}.Release|x86.Build.0 = Release|Any CPU
		{3106F31C-0502-42D3-A27B-BDD2199D72CC}.Debug|Any CPU.ActiveCfg = Debug|Any CPU
		{3106F31C-0502-42D3-A27B-BDD2199D72CC}.Debug|Any CPU.Build.0 = Debug|Any CPU
		{3106F31C-0502-42D3-A27B-BDD2199D72CC}.Debug|x86.ActiveCfg = Debug|Any CPU
		{3106F31C-0502-42D3-A27B-BDD2199D72CC}.Debug|x86.Build.0 = Debug|Any CPU
		{3106F31C-0502-42D3-A27B-BDD2199D72CC}.Release|Any CPU.ActiveCfg = Release|Any CPU
		{3106F31C-0502-42D3-A27B-BDD2199D72CC}.Release|Any CPU.Build.0 = Release|Any CPU
		{3106F31C-0502-42D3-A27B-BDD2199D72CC}.Release|x86.ActiveCfg = Release|Any CPU
		{3106F31C-0502-42D3-A27B-BDD2199D72CC}.Release|x86.Build.0 = Release|Any CPU
		{8919CDA5-23A6-4C04-87F9-C83DF4BEF357}.Debug|Any CPU.ActiveCfg = Debug|Any CPU
		{8919CDA5-23A6-4C04-87F9-C83DF4BEF357}.Debug|Any CPU.Build.0 = Debug|Any CPU
		{8919CDA5-23A6-4C04-87F9-C83DF4BEF357}.Debug|x86.ActiveCfg = Debug|Any CPU
		{8919CDA5-23A6-4C04-87F9-C83DF4BEF357}.Debug|x86.Build.0 = Debug|Any CPU
		{8919CDA5-23A6-4C04-87F9-C83DF4BEF357}.Release|Any CPU.ActiveCfg = Release|Any CPU
		{8919CDA5-23A6-4C04-87F9-C83DF4BEF357}.Release|Any CPU.Build.0 = Release|Any CPU
		{8919CDA5-23A6-4C04-87F9-C83DF4BEF357}.Release|x86.ActiveCfg = Release|Any CPU
		{8919CDA5-23A6-4C04-87F9-C83DF4BEF357}.Release|x86.Build.0 = Release|Any CPU
		{8E2D91DC-DEE4-4843-8D09-6FC06651527E}.Debug|Any CPU.ActiveCfg = Debug|Any CPU
		{8E2D91DC-DEE4-4843-8D09-6FC06651527E}.Debug|Any CPU.Build.0 = Debug|Any CPU
		{8E2D91DC-DEE4-4843-8D09-6FC06651527E}.Debug|x86.ActiveCfg = Debug|Any CPU
		{8E2D91DC-DEE4-4843-8D09-6FC06651527E}.Debug|x86.Build.0 = Debug|Any CPU
		{8E2D91DC-DEE4-4843-8D09-6FC06651527E}.Release|Any CPU.ActiveCfg = Release|Any CPU
		{8E2D91DC-DEE4-4843-8D09-6FC06651527E}.Release|Any CPU.Build.0 = Release|Any CPU
		{8E2D91DC-DEE4-4843-8D09-6FC06651527E}.Release|x86.ActiveCfg = Release|Any CPU
		{8E2D91DC-DEE4-4843-8D09-6FC06651527E}.Release|x86.Build.0 = Release|Any CPU
		{64D4C755-33DD-4103-908B-82FA63C5BFB2}.Debug|Any CPU.ActiveCfg = Debug|Any CPU
		{64D4C755-33DD-4103-908B-82FA63C5BFB2}.Debug|Any CPU.Build.0 = Debug|Any CPU
		{64D4C755-33DD-4103-908B-82FA63C5BFB2}.Debug|x86.ActiveCfg = Debug|Any CPU
		{64D4C755-33DD-4103-908B-82FA63C5BFB2}.Debug|x86.Build.0 = Debug|Any CPU
		{64D4C755-33DD-4103-908B-82FA63C5BFB2}.Release|Any CPU.ActiveCfg = Release|Any CPU
		{64D4C755-33DD-4103-908B-82FA63C5BFB2}.Release|Any CPU.Build.0 = Release|Any CPU
		{64D4C755-33DD-4103-908B-82FA63C5BFB2}.Release|x86.ActiveCfg = Release|Any CPU
		{64D4C755-33DD-4103-908B-82FA63C5BFB2}.Release|x86.Build.0 = Release|Any CPU
		{AAC81E6C-C62E-4F52-85B5-1EA8D54AE9F6}.Debug|Any CPU.ActiveCfg = Debug|Any CPU
		{AAC81E6C-C62E-4F52-85B5-1EA8D54AE9F6}.Debug|Any CPU.Build.0 = Debug|Any CPU
		{AAC81E6C-C62E-4F52-85B5-1EA8D54AE9F6}.Debug|x86.ActiveCfg = Debug|Any CPU
		{AAC81E6C-C62E-4F52-85B5-1EA8D54AE9F6}.Debug|x86.Build.0 = Debug|Any CPU
		{AAC81E6C-C62E-4F52-85B5-1EA8D54AE9F6}.Release|Any CPU.ActiveCfg = Release|Any CPU
		{AAC81E6C-C62E-4F52-85B5-1EA8D54AE9F6}.Release|Any CPU.Build.0 = Release|Any CPU
		{AAC81E6C-C62E-4F52-85B5-1EA8D54AE9F6}.Release|x86.ActiveCfg = Release|Any CPU
		{AAC81E6C-C62E-4F52-85B5-1EA8D54AE9F6}.Release|x86.Build.0 = Release|Any CPU
		{28FEF3AF-4CAA-4B5C-B16F-E74BAD70BCE2}.Debug|Any CPU.ActiveCfg = Debug|Any CPU
		{28FEF3AF-4CAA-4B5C-B16F-E74BAD70BCE2}.Debug|Any CPU.Build.0 = Debug|Any CPU
		{28FEF3AF-4CAA-4B5C-B16F-E74BAD70BCE2}.Debug|x86.ActiveCfg = Debug|Any CPU
		{28FEF3AF-4CAA-4B5C-B16F-E74BAD70BCE2}.Debug|x86.Build.0 = Debug|Any CPU
		{28FEF3AF-4CAA-4B5C-B16F-E74BAD70BCE2}.Release|Any CPU.ActiveCfg = Release|Any CPU
		{28FEF3AF-4CAA-4B5C-B16F-E74BAD70BCE2}.Release|Any CPU.Build.0 = Release|Any CPU
		{28FEF3AF-4CAA-4B5C-B16F-E74BAD70BCE2}.Release|x86.ActiveCfg = Release|Any CPU
		{28FEF3AF-4CAA-4B5C-B16F-E74BAD70BCE2}.Release|x86.Build.0 = Release|Any CPU
		{FE2BFDBD-E021-45EA-B327-C56F6114D7A1}.Debug|Any CPU.ActiveCfg = Debug|Any CPU
		{FE2BFDBD-E021-45EA-B327-C56F6114D7A1}.Debug|Any CPU.Build.0 = Debug|Any CPU
		{FE2BFDBD-E021-45EA-B327-C56F6114D7A1}.Debug|x86.ActiveCfg = Debug|Any CPU
		{FE2BFDBD-E021-45EA-B327-C56F6114D7A1}.Debug|x86.Build.0 = Debug|Any CPU
		{FE2BFDBD-E021-45EA-B327-C56F6114D7A1}.Release|Any CPU.ActiveCfg = Release|Any CPU
		{FE2BFDBD-E021-45EA-B327-C56F6114D7A1}.Release|Any CPU.Build.0 = Release|Any CPU
		{FE2BFDBD-E021-45EA-B327-C56F6114D7A1}.Release|x86.ActiveCfg = Release|Any CPU
		{FE2BFDBD-E021-45EA-B327-C56F6114D7A1}.Release|x86.Build.0 = Release|Any CPU
		{F8EC5EDE-9A2C-443B-B125-E39C748EBB2F}.Debug|Any CPU.ActiveCfg = Debug|Any CPU
		{F8EC5EDE-9A2C-443B-B125-E39C748EBB2F}.Debug|Any CPU.Build.0 = Debug|Any CPU
		{F8EC5EDE-9A2C-443B-B125-E39C748EBB2F}.Debug|x86.ActiveCfg = Debug|Any CPU
		{F8EC5EDE-9A2C-443B-B125-E39C748EBB2F}.Debug|x86.Build.0 = Debug|Any CPU
		{F8EC5EDE-9A2C-443B-B125-E39C748EBB2F}.Release|Any CPU.ActiveCfg = Release|Any CPU
		{F8EC5EDE-9A2C-443B-B125-E39C748EBB2F}.Release|Any CPU.Build.0 = Release|Any CPU
		{F8EC5EDE-9A2C-443B-B125-E39C748EBB2F}.Release|x86.ActiveCfg = Release|Any CPU
		{F8EC5EDE-9A2C-443B-B125-E39C748EBB2F}.Release|x86.Build.0 = Release|Any CPU
		{10D22B6E-DE30-4F11-A005-8188DF549F72}.Debug|Any CPU.ActiveCfg = Debug|Any CPU
		{10D22B6E-DE30-4F11-A005-8188DF549F72}.Debug|Any CPU.Build.0 = Debug|Any CPU
		{10D22B6E-DE30-4F11-A005-8188DF549F72}.Debug|x86.ActiveCfg = Debug|Any CPU
		{10D22B6E-DE30-4F11-A005-8188DF549F72}.Debug|x86.Build.0 = Debug|Any CPU
		{10D22B6E-DE30-4F11-A005-8188DF549F72}.Release|Any CPU.ActiveCfg = Release|Any CPU
		{10D22B6E-DE30-4F11-A005-8188DF549F72}.Release|Any CPU.Build.0 = Release|Any CPU
		{10D22B6E-DE30-4F11-A005-8188DF549F72}.Release|x86.ActiveCfg = Release|x86
		{10D22B6E-DE30-4F11-A005-8188DF549F72}.Release|x86.Build.0 = Release|x86
		{41F81606-1728-4A03-AE64-FA2CCF49BE5A}.Debug|Any CPU.ActiveCfg = Debug|Any CPU
		{41F81606-1728-4A03-AE64-FA2CCF49BE5A}.Debug|Any CPU.Build.0 = Debug|Any CPU
		{41F81606-1728-4A03-AE64-FA2CCF49BE5A}.Debug|x86.ActiveCfg = Debug|Any CPU
		{41F81606-1728-4A03-AE64-FA2CCF49BE5A}.Debug|x86.Build.0 = Debug|Any CPU
		{41F81606-1728-4A03-AE64-FA2CCF49BE5A}.Release|Any CPU.ActiveCfg = Release|Any CPU
		{41F81606-1728-4A03-AE64-FA2CCF49BE5A}.Release|Any CPU.Build.0 = Release|Any CPU
		{41F81606-1728-4A03-AE64-FA2CCF49BE5A}.Release|x86.ActiveCfg = Release|Any CPU
		{41F81606-1728-4A03-AE64-FA2CCF49BE5A}.Release|x86.Build.0 = Release|Any CPU
	EndGlobalSection
	GlobalSection(SolutionProperties) = preSolution
		HideSolutionNode = FALSE
	EndGlobalSection
	GlobalSection(NestedProjects) = preSolution
		{89DE240E-5393-4DD4-87C9-3AD9D44B6E7E} = {0DD65BFB-EDC4-49CD-857C-6CCAAAF1CDFB}
		{96D436B4-4703-4448-A879-B69ACE89CA11} = {0DD65BFB-EDC4-49CD-857C-6CCAAAF1CDFB}
		{816DDA22-F7E8-4FB2-83A4-0954A0EEEBBF} = {0DD65BFB-EDC4-49CD-857C-6CCAAAF1CDFB}
		{5C12EBFB-B152-48C6-AA52-71128F246594} = {2C665127-D9D0-445E-80A9-FD459673D454}
		{7752AD8C-04BF-4BD2-9272-CDA4F78FA954} = {2C665127-D9D0-445E-80A9-FD459673D454}
		{D05CFF72-D58C-418A-8F52-B06848DAC4F1} = {2C665127-D9D0-445E-80A9-FD459673D454}
		{3106F31C-0502-42D3-A27B-BDD2199D72CC} = {D05CFF72-D58C-418A-8F52-B06848DAC4F1}
		{8919CDA5-23A6-4C04-87F9-C83DF4BEF357} = {D05CFF72-D58C-418A-8F52-B06848DAC4F1}
		{8E2D91DC-DEE4-4843-8D09-6FC06651527E} = {D05CFF72-D58C-418A-8F52-B06848DAC4F1}
		{64D4C755-33DD-4103-908B-82FA63C5BFB2} = {D05CFF72-D58C-418A-8F52-B06848DAC4F1}
		{AAC81E6C-C62E-4F52-85B5-1EA8D54AE9F6} = {D05CFF72-D58C-418A-8F52-B06848DAC4F1}
		{28FEF3AF-4CAA-4B5C-B16F-E74BAD70BCE2} = {D05CFF72-D58C-418A-8F52-B06848DAC4F1}
		{FE2BFDBD-E021-45EA-B327-C56F6114D7A1} = {D05CFF72-D58C-418A-8F52-B06848DAC4F1}
		{F8EC5EDE-9A2C-443B-B125-E39C748EBB2F} = {D05CFF72-D58C-418A-8F52-B06848DAC4F1}
		{10D22B6E-DE30-4F11-A005-8188DF549F72} = {D05CFF72-D58C-418A-8F52-B06848DAC4F1}
		{41F81606-1728-4A03-AE64-FA2CCF49BE5A} = {D05CFF72-D58C-418A-8F52-B06848DAC4F1}
	EndGlobalSection
	GlobalSection(ExtensibilityGlobals) = postSolution
		SolutionGuid = {1F219808-E6E8-4C1D-B846-41F2F7CF20FA}
	EndGlobalSection
EndGlobal
